
Microsoft Visual Studio Solution File, Format Version 12.00
# Visual Studio Version 17
VisualStudioVersion = 17.0.31903.59
MinimumVisualStudioVersion = 10.0.40219.1
Project("{FAE04EC0-301F-11D3-BF4B-00C04F79EFBC}") = "BibliotecaApp.Domain", "BibliotecaApp.Domain\BibliotecaApp.Domain.csproj", "{0C75E8A0-AB55-486B-A473-1EB22E618E6E}"
EndProject
Project("{FAE04EC0-301F-11D3-BF4B-00C04F79EFBC}") = "BibliotecaApp.Application", "BibliotecaApp.Application\BibliotecaApp.Application.csproj", "{12A66346-C790-41FA-9E64-DFA2F9C9B3F9}"
EndProject
Project("{FAE04EC0-301F-11D3-BF4B-00C04F79EFBC}") = "BibliotecaApp.Infrastructure", "BibliotecaApp.Infrastructure\BibliotecaApp.Infrastructure.csproj", "{14C047F6-43A5-4670-90FF-E95ECDCAC5D9}"
EndProject
Project("{FAE04EC0-301F-11D3-BF4B-00C04F79EFBC}") = "BibliotecaApp.Web", "BibliotecaApp.Web\BibliotecaApp.Web.csproj", "{4FAB6949-F22E-4973-8917-A3AC1B60148E}"
EndProject
Global
	GlobalSection(SolutionConfigurationPlatforms) = preSolution
		Debug|Any CPU = Debug|Any CPU
		Release|Any CPU = Release|Any CPU
	EndGlobalSection
	GlobalSection(SolutionProperties) = preSolution
		HideSolutionNode = FALSE
	EndGlobalSection
	GlobalSection(ProjectConfigurationPlatforms) = postSolution
		{0C75E8A0-AB55-486B-A473-1EB22E618E6E}.Debug|Any CPU.ActiveCfg = Debug|Any CPU
		{0C75E8A0-AB55-486B-A473-1EB22E618E6E}.Debug|Any CPU.Build.0 = Debug|Any CPU
		{0C75E8A0-AB55-486B-A473-1EB22E618E6E}.Release|Any CPU.ActiveCfg = Release|Any CPU
		{0C75E8A0-AB55-486B-A473-1EB22E618E6E}.Release|Any CPU.Build.0 = Release|Any CPU
		{12A66346-C790-41FA-9E64-DFA2F9C9B3F9}.Debug|Any CPU.ActiveCfg = Debug|Any CPU
		{12A66346-C790-41FA-9E64-DFA2F9C9B3F9}.Debug|Any CPU.Build.0 = Debug|Any CPU
		{12A66346-C790-41FA-9E64-DFA2F9C9B3F9}.Release|Any CPU.ActiveCfg = Release|Any CPU
		{12A66346-C790-41FA-9E64-DFA2F9C9B3F9}.Release|Any CPU.Build.0 = Release|Any CPU
		{14C047F6-43A5-4670-90FF-E95ECDCAC5D9}.Debug|Any CPU.ActiveCfg = Debug|Any CPU
		{14C047F6-43A5-4670-90FF-E95ECDCAC5D9}.Debug|Any CPU.Build.0 = Debug|Any CPU
		{14C047F6-43A5-4670-90FF-E95ECDCAC5D9}.Release|Any CPU.ActiveCfg = Release|Any CPU
		{14C047F6-43A5-4670-90FF-E95ECDCAC5D9}.Release|Any CPU.Build.0 = Release|Any CPU
		{4FAB6949-F22E-4973-8917-A3AC1B60148E}.Debug|Any CPU.ActiveCfg = Debug|Any CPU
		{4FAB6949-F22E-4973-8917-A3AC1B60148E}.Debug|Any CPU.Build.0 = Debug|Any CPU
		{4FAB6949-F22E-4973-8917-A3AC1B60148E}.Release|Any CPU.ActiveCfg = Release|Any CPU
		{4FAB6949-F22E-4973-8917-A3AC1B60148E}.Release|Any CPU.Build.0 = Release|Any CPU
	EndGlobalSection
EndGlobal
